
Microsoft Visual Studio Solution File, Format Version 12.00
# Visual Studio Version 17
VisualStudioVersion = 17.2.32630.192
MinimumVisualStudioVersion = 10.0.40219.1
Project("{FAE04EC0-301F-11D3-BF4B-00C04F79EFBC}") = "fileServer", "fileServer\fileServer.csproj", "{65A2EF7E-DE85-4468-B285-A963FC03093F}"
EndProject
Global
	GlobalSection(SolutionConfigurationPlatforms) = preSolution
		Debug|Any CPU = Debug|Any CPU
		Release|Any CPU = Release|Any CPU
	EndGlobalSection
	GlobalSection(ProjectConfigurationPlatforms) = postSolution
		{65A2EF7E-DE85-4468-B285-A963FC03093F}.Debug|Any CPU.ActiveCfg = Debug|Any CPU
		{65A2EF7E-DE85-4468-B285-A963FC03093F}.Debug|Any CPU.Build.0 = Debug|Any CPU
		{65A2EF7E-DE85-4468-B285-A963FC03093F}.Release|Any CPU.ActiveCfg = Release|Any CPU
		{65A2EF7E-DE85-4468-B285-A963FC03093F}.Release|Any CPU.Build.0 = Release|Any CPU
	EndGlobalSection
	GlobalSection(SolutionProperties) = preSolution
		HideSolutionNode = FALSE
	EndGlobalSection
	GlobalSection(ExtensibilityGlobals) = postSolution
		SolutionGuid = {7135B335-CAAF-4D25-97D3-36AEA1E73BC4}
	EndGlobalSection
EndGlobal
